
Microsoft Visual Studio Solution File, Format Version 12.00
# Visual Studio 15
VisualStudioVersion = 15.0.27004.2006
MinimumVisualStudioVersion = 10.0.40219.1
Project("{FAE04EC0-301F-11D3-BF4B-00C04F79EFBC}") = "Products.Android", "Products\Products.Android\Products.Android.csproj", "{25032301-2990-47D0-95D2-501EA35B537F}"
EndProject
Project("{FAE04EC0-301F-11D3-BF4B-00C04F79EFBC}") = "Products", "Products\Products\Products.csproj", "{2C7A84D9-7BEA-4F04-9169-1C6FDD3A405B}"
EndProject
Project("{FAE04EC0-301F-11D3-BF4B-00C04F79EFBC}") = "Products.iOS", "Products\Products.iOS\Products.iOS.csproj", "{F8479318-FE27-4409-9C9E-7917ED79703C}"
EndProject
Project("{FAE04EC0-301F-11D3-BF4B-00C04F79EFBC}") = "Products.Domain", "Product.Domain\Products.Domain.csproj", "{590E8216-0A39-44BE-B028-91AD39490F08}"
EndProject
Project("{FAE04EC0-301F-11D3-BF4B-00C04F79EFBC}") = "Products.Backend", "Products.Backend\Products.Backend.csproj", "{F40029DA-5C7A-4122-9FA5-656E08FC3962}"
EndProject
Project("{FAE04EC0-301F-11D3-BF4B-00C04F79EFBC}") = "Products.API", "Products.API\Products.API.csproj", "{4EDB08C4-FC4E-4B0B-B546-41F4C252704A}"
EndProject
Global
	GlobalSection(SolutionConfigurationPlatforms) = preSolution
		Ad-Hoc|Any CPU = Ad-Hoc|Any CPU
		Ad-Hoc|iPhone = Ad-Hoc|iPhone
		Ad-Hoc|iPhoneSimulator = Ad-Hoc|iPhoneSimulator
		AppStore|Any CPU = AppStore|Any CPU
		AppStore|iPhone = AppStore|iPhone
		AppStore|iPhoneSimulator = AppStore|iPhoneSimulator
		Debug|Any CPU = Debug|Any CPU
		Debug|iPhone = Debug|iPhone
		Debug|iPhoneSimulator = Debug|iPhoneSimulator
		Release|Any CPU = Release|Any CPU
		Release|iPhone = Release|iPhone
		Release|iPhoneSimulator = Release|iPhoneSimulator
	EndGlobalSection
	GlobalSection(ProjectConfigurationPlatforms) = postSolution
		{25032301-2990-47D0-95D2-501EA35B537F}.Ad-Hoc|Any CPU.ActiveCfg = Release|Any CPU
		{25032301-2990-47D0-95D2-501EA35B537F}.Ad-Hoc|Any CPU.Build.0 = Release|Any CPU
		{25032301-2990-47D0-95D2-501EA35B537F}.Ad-Hoc|Any CPU.Deploy.0 = Release|Any CPU
		{25032301-2990-47D0-95D2-501EA35B537F}.Ad-Hoc|iPhone.ActiveCfg = Release|Any CPU
		{25032301-2990-47D0-95D2-501EA35B537F}.Ad-Hoc|iPhone.Build.0 = Release|Any CPU
		{25032301-2990-47D0-95D2-501EA35B537F}.Ad-Hoc|iPhone.Deploy.0 = Release|Any CPU
		{25032301-2990-47D0-95D2-501EA35B537F}.Ad-Hoc|iPhoneSimulator.ActiveCfg = Release|Any CPU
		{25032301-2990-47D0-95D2-501EA35B537F}.Ad-Hoc|iPhoneSimulator.Build.0 = Release|Any CPU
		{25032301-2990-47D0-95D2-501EA35B537F}.Ad-Hoc|iPhoneSimulator.Deploy.0 = Release|Any CPU
		{25032301-2990-47D0-95D2-501EA35B537F}.AppStore|Any CPU.ActiveCfg = Release|Any CPU
		{25032301-2990-47D0-95D2-501EA35B537F}.AppStore|Any CPU.Build.0 = Release|Any CPU
		{25032301-2990-47D0-95D2-501EA35B537F}.AppStore|Any CPU.Deploy.0 = Release|Any CPU
		{25032301-2990-47D0-95D2-501EA35B537F}.AppStore|iPhone.ActiveCfg = Release|Any CPU
		{25032301-2990-47D0-95D2-501EA35B537F}.AppStore|iPhone.Build.0 = Release|Any CPU
		{25032301-2990-47D0-95D2-501EA35B537F}.AppStore|iPhone.Deploy.0 = Release|Any CPU
		{25032301-2990-47D0-95D2-501EA35B537F}.AppStore|iPhoneSimulator.ActiveCfg = Release|Any CPU
		{25032301-2990-47D0-95D2-501EA35B537F}.AppStore|iPhoneSimulator.Build.0 = Release|Any CPU
		{25032301-2990-47D0-95D2-501EA35B537F}.AppStore|iPhoneSimulator.Deploy.0 = Release|Any CPU
		{25032301-2990-47D0-95D2-501EA35B537F}.Debug|Any CPU.ActiveCfg = Debug|Any CPU
		{25032301-2990-47D0-95D2-501EA35B537F}.Debug|Any CPU.Build.0 = Debug|Any CPU
		{25032301-2990-47D0-95D2-501EA35B537F}.Debug|Any CPU.Deploy.0 = Debug|Any CPU
		{25032301-2990-47D0-95D2-501EA35B537F}.Debug|iPhone.ActiveCfg = Debug|Any CPU
		{25032301-2990-47D0-95D2-501EA35B537F}.Debug|iPhone.Build.0 = Debug|Any CPU
		{25032301-2990-47D0-95D2-501EA35B537F}.Debug|iPhone.Deploy.0 = Debug|Any CPU
		{25032301-2990-47D0-95D2-501EA35B537F}.Debug|iPhoneSimulator.ActiveCfg = Debug|Any CPU
		{25032301-2990-47D0-95D2-501EA35B537F}.Debug|iPhoneSimulator.Build.0 = Debug|Any CPU
		{25032301-2990-47D0-95D2-501EA35B537F}.Debug|iPhoneSimulator.Deploy.0 = Debug|Any CPU
		{25032301-2990-47D0-95D2-501EA35B537F}.Release|Any CPU.ActiveCfg = Release|Any CPU
		{25032301-2990-47D0-95D2-501EA35B537F}.Release|Any CPU.Build.0 = Release|Any CPU
		{25032301-2990-47D0-95D2-501EA35B537F}.Release|Any CPU.Deploy.0 = Release|Any CPU
		{25032301-2990-47D0-95D2-501EA35B537F}.Release|iPhone.ActiveCfg = Release|Any CPU
		{25032301-2990-47D0-95D2-501EA35B537F}.Release|iPhone.Build.0 = Release|Any CPU
		{25032301-2990-47D0-95D2-501EA35B537F}.Release|iPhone.Deploy.0 = Release|Any CPU
		{25032301-2990-47D0-95D2-501EA35B537F}.Release|iPhoneSimulator.ActiveCfg = Release|Any CPU
		{25032301-2990-47D0-95D2-501EA35B537F}.Release|iPhoneSimulator.Build.0 = Release|Any CPU
		{25032301-2990-47D0-95D2-501EA35B537F}.Release|iPhoneSimulator.Deploy.0 = Release|Any CPU
		{2C7A84D9-7BEA-4F04-9169-1C6FDD3A405B}.Ad-Hoc|Any CPU.ActiveCfg = Release|Any CPU
		{2C7A84D9-7BEA-4F04-9169-1C6FDD3A405B}.Ad-Hoc|Any CPU.Build.0 = Release|Any CPU
		{2C7A84D9-7BEA-4F04-9169-1C6FDD3A405B}.Ad-Hoc|iPhone.ActiveCfg = Release|Any CPU
		{2C7A84D9-7BEA-4F04-9169-1C6FDD3A405B}.Ad-Hoc|iPhone.Build.0 = Release|Any CPU
		{2C7A84D9-7BEA-4F04-9169-1C6FDD3A405B}.Ad-Hoc|iPhoneSimulator.ActiveCfg = Release|Any CPU
		{2C7A84D9-7BEA-4F04-9169-1C6FDD3A405B}.Ad-Hoc|iPhoneSimulator.Build.0 = Release|Any CPU
		{2C7A84D9-7BEA-4F04-9169-1C6FDD3A405B}.AppStore|Any CPU.ActiveCfg = Release|Any CPU
		{2C7A84D9-7BEA-4F04-9169-1C6FDD3A405B}.AppStore|Any CPU.Build.0 = Release|Any CPU
		{2C7A84D9-7BEA-4F04-9169-1C6FDD3A405B}.AppStore|iPhone.ActiveCfg = Release|Any CPU
		{2C7A84D9-7BEA-4F04-9169-1C6FDD3A405B}.AppStore|iPhone.Build.0 = Release|Any CPU
		{2C7A84D9-7BEA-4F04-9169-1C6FDD3A405B}.AppStore|iPhoneSimulator.ActiveCfg = Release|Any CPU
		{2C7A84D9-7BEA-4F04-9169-1C6FDD3A405B}.AppStore|iPhoneSimulator.Build.0 = Release|Any CPU
		{2C7A84D9-7BEA-4F04-9169-1C6FDD3A405B}.Debug|Any CPU.ActiveCfg = Debug|Any CPU
		{2C7A84D9-7BEA-4F04-9169-1C6FDD3A405B}.Debug|Any CPU.Build.0 = Debug|Any CPU
		{2C7A84D9-7BEA-4F04-9169-1C6FDD3A405B}.Debug|iPhone.ActiveCfg = Debug|Any CPU
		{2C7A84D9-7BEA-4F04-9169-1C6FDD3A405B}.Debug|iPhone.Build.0 = Debug|Any CPU
		{2C7A84D9-7BEA-4F04-9169-1C6FDD3A405B}.Debug|iPhoneSimulator.ActiveCfg = Debug|Any CPU
		{2C7A84D9-7BEA-4F04-9169-1C6FDD3A405B}.Debug|iPhoneSimulator.Build.0 = Debug|Any CPU
		{2C7A84D9-7BEA-4F04-9169-1C6FDD3A405B}.Release|Any CPU.ActiveCfg = Release|Any CPU
		{2C7A84D9-7BEA-4F04-9169-1C6FDD3A405B}.Release|Any CPU.Build.0 = Release|Any CPU
		{2C7A84D9-7BEA-4F04-9169-1C6FDD3A405B}.Release|iPhone.ActiveCfg = Release|Any CPU
		{2C7A84D9-7BEA-4F04-9169-1C6FDD3A405B}.Release|iPhone.Build.0 = Release|Any CPU
		{2C7A84D9-7BEA-4F04-9169-1C6FDD3A405B}.Release|iPhoneSimulator.ActiveCfg = Release|Any CPU
		{2C7A84D9-7BEA-4F04-9169-1C6FDD3A405B}.Release|iPhoneSimulator.Build.0 = Release|Any CPU
		{F8479318-FE27-4409-9C9E-7917ED79703C}.Ad-Hoc|Any CPU.ActiveCfg = Ad-Hoc|iPhoneSimulator
		{F8479318-FE27-4409-9C9E-7917ED79703C}.Ad-Hoc|iPhone.ActiveCfg = Ad-Hoc|iPhone
		{F8479318-FE27-4409-9C9E-7917ED79703C}.Ad-Hoc|iPhone.Build.0 = Ad-Hoc|iPhone
		{F8479318-FE27-4409-9C9E-7917ED79703C}.Ad-Hoc|iPhoneSimulator.ActiveCfg = Ad-Hoc|iPhoneSimulator
		{F8479318-FE27-4409-9C9E-7917ED79703C}.Ad-Hoc|iPhoneSimulator.Build.0 = Ad-Hoc|iPhoneSimulator
		{F8479318-FE27-4409-9C9E-7917ED79703C}.AppStore|Any CPU.ActiveCfg = AppStore|iPhoneSimulator
		{F8479318-FE27-4409-9C9E-7917ED79703C}.AppStore|iPhone.ActiveCfg = AppStore|iPhone
		{F8479318-FE27-4409-9C9E-7917ED79703C}.AppStore|iPhone.Build.0 = AppStore|iPhone
		{F8479318-FE27-4409-9C9E-7917ED79703C}.AppStore|iPhoneSimulator.ActiveCfg = AppStore|iPhoneSimulator
		{F8479318-FE27-4409-9C9E-7917ED79703C}.AppStore|iPhoneSimulator.Build.0 = AppStore|iPhoneSimulator
		{F8479318-FE27-4409-9C9E-7917ED79703C}.Debug|Any CPU.ActiveCfg = Debug|iPhoneSimulator
		{F8479318-FE27-4409-9C9E-7917ED79703C}.Debug|iPhone.ActiveCfg = Debug|iPhone
		{F8479318-FE27-4409-9C9E-7917ED79703C}.Debug|iPhone.Build.0 = Debug|iPhone
		{F8479318-FE27-4409-9C9E-7917ED79703C}.Debug|iPhoneSimulator.ActiveCfg = Debug|iPhoneSimulator
		{F8479318-FE27-4409-9C9E-7917ED79703C}.Debug|iPhoneSimulator.Build.0 = Debug|iPhoneSimulator
		{F8479318-FE27-4409-9C9E-7917ED79703C}.Release|Any CPU.ActiveCfg = Release|iPhoneSimulator
		{F8479318-FE27-4409-9C9E-7917ED79703C}.Release|iPhone.ActiveCfg = Release|iPhone
		{F8479318-FE27-4409-9C9E-7917ED79703C}.Release|iPhone.Build.0 = Release|iPhone
		{F8479318-FE27-4409-9C9E-7917ED79703C}.Release|iPhoneSimulator.ActiveCfg = Release|iPhoneSimulator
		{F8479318-FE27-4409-9C9E-7917ED79703C}.Release|iPhoneSimulator.Build.0 = Release|iPhoneSimulator
		{590E8216-0A39-44BE-B028-91AD39490F08}.Ad-Hoc|Any CPU.ActiveCfg = Release|Any CPU
		{590E8216-0A39-44BE-B028-91AD39490F08}.Ad-Hoc|Any CPU.Build.0 = Release|Any CPU
		{590E8216-0A39-44BE-B028-91AD39490F08}.Ad-Hoc|iPhone.ActiveCfg = Release|Any CPU
		{590E8216-0A39-44BE-B028-91AD39490F08}.Ad-Hoc|iPhone.Build.0 = Release|Any CPU
		{590E8216-0A39-44BE-B028-91AD39490F08}.Ad-Hoc|iPhoneSimulator.ActiveCfg = Release|Any CPU
		{590E8216-0A39-44BE-B028-91AD39490F08}.Ad-Hoc|iPhoneSimulator.Build.0 = Release|Any CPU
		{590E8216-0A39-44BE-B028-91AD39490F08}.AppStore|Any CPU.ActiveCfg = Release|Any CPU
		{590E8216-0A39-44BE-B028-91AD39490F08}.AppStore|Any CPU.Build.0 = Release|Any CPU
		{590E8216-0A39-44BE-B028-91AD39490F08}.AppStore|iPhone.ActiveCfg = Release|Any CPU
		{590E8216-0A39-44BE-B028-91AD39490F08}.AppStore|iPhone.Build.0 = Release|Any CPU
		{590E8216-0A39-44BE-B028-91AD39490F08}.AppStore|iPhoneSimulator.ActiveCfg = Release|Any CPU
		{590E8216-0A39-44BE-B028-91AD39490F08}.AppStore|iPhoneSimulator.Build.0 = Release|Any CPU
		{590E8216-0A39-44BE-B028-91AD39490F08}.Debug|Any CPU.ActiveCfg = Debug|Any CPU
		{590E8216-0A39-44BE-B028-91AD39490F08}.Debug|Any CPU.Build.0 = Debug|Any CPU
		{590E8216-0A39-44BE-B028-91AD39490F08}.Debug|iPhone.ActiveCfg = Debug|Any CPU
		{590E8216-0A39-44BE-B028-91AD39490F08}.Debug|iPhone.Build.0 = Debug|Any CPU
		{590E8216-0A39-44BE-B028-91AD39490F08}.Debug|iPhoneSimulator.ActiveCfg = Debug|Any CPU
		{590E8216-0A39-44BE-B028-91AD39490F08}.Debug|iPhoneSimulator.Build.0 = Debug|Any CPU
		{590E8216-0A39-44BE-B028-91AD39490F08}.Release|Any CPU.ActiveCfg = Release|Any CPU
		{590E8216-0A39-44BE-B028-91AD39490F08}.Release|Any CPU.Build.0 = Release|Any CPU
		{590E8216-0A39-44BE-B028-91AD39490F08}.Release|iPhone.ActiveCfg = Release|Any CPU
		{590E8216-0A39-44BE-B028-91AD39490F08}.Release|iPhone.Build.0 = Release|Any CPU
		{590E8216-0A39-44BE-B028-91AD39490F08}.Release|iPhoneSimulator.ActiveCfg = Release|Any CPU
		{590E8216-0A39-44BE-B028-91AD39490F08}.Release|iPhoneSimulator.Build.0 = Release|Any CPU
		{F40029DA-5C7A-4122-9FA5-656E08FC3962}.Ad-Hoc|Any CPU.ActiveCfg = Debug|Any CPU
		{F40029DA-5C7A-4122-9FA5-656E08FC3962}.Ad-Hoc|Any CPU.Build.0 = Debug|Any CPU
		{F40029DA-5C7A-4122-9FA5-656E08FC3962}.Ad-Hoc|iPhone.ActiveCfg = Debug|Any CPU
		{F40029DA-5C7A-4122-9FA5-656E08FC3962}.Ad-Hoc|iPhone.Build.0 = Debug|Any CPU
		{F40029DA-5C7A-4122-9FA5-656E08FC3962}.Ad-Hoc|iPhoneSimulator.ActiveCfg = Debug|Any CPU
		{F40029DA-5C7A-4122-9FA5-656E08FC3962}.Ad-Hoc|iPhoneSimulator.Build.0 = Debug|Any CPU
		{F40029DA-5C7A-4122-9FA5-656E08FC3962}.AppStore|Any CPU.ActiveCfg = Debug|Any CPU
		{F40029DA-5C7A-4122-9FA5-656E08FC3962}.AppStore|Any CPU.Build.0 = Debug|Any CPU
		{F40029DA-5C7A-4122-9FA5-656E08FC3962}.AppStore|iPhone.ActiveCfg = Debug|Any CPU
		{F40029DA-5C7A-4122-9FA5-656E08FC3962}.AppStore|iPhone.Build.0 = Debug|Any CPU
		{F40029DA-5C7A-4122-9FA5-656E08FC3962}.AppStore|iPhoneSimulator.ActiveCfg = Debug|Any CPU
		{F40029DA-5C7A-4122-9FA5-656E08FC3962}.AppStore|iPhoneSimulator.Build.0 = Debug|Any CPU
		{F40029DA-5C7A-4122-9FA5-656E08FC3962}.Debug|Any CPU.ActiveCfg = Debug|Any CPU
		{F40029DA-5C7A-4122-9FA5-656E08FC3962}.Debug|Any CPU.Build.0 = Debug|Any CPU
		{F40029DA-5C7A-4122-9FA5-656E08FC3962}.Debug|iPhone.ActiveCfg = Debug|Any CPU
		{F40029DA-5C7A-4122-9FA5-656E08FC3962}.Debug|iPhone.Build.0 = Debug|Any CPU
		{F40029DA-5C7A-4122-9FA5-656E08FC3962}.Debug|iPhoneSimulator.ActiveCfg = Debug|Any CPU
		{F40029DA-5C7A-4122-9FA5-656E08FC3962}.Debug|iPhoneSimulator.Build.0 = Debug|Any CPU
		{F40029DA-5C7A-4122-9FA5-656E08FC3962}.Release|Any CPU.ActiveCfg = Release|Any CPU
		{F40029DA-5C7A-4122-9FA5-656E08FC3962}.Release|Any CPU.Build.0 = Release|Any CPU
		{F40029DA-5C7A-4122-9FA5-656E08FC3962}.Release|iPhone.ActiveCfg = Release|Any CPU
		{F40029DA-5C7A-4122-9FA5-656E08FC3962}.Release|iPhone.Build.0 = Release|Any CPU
		{F40029DA-5C7A-4122-9FA5-656E08FC3962}.Release|iPhoneSimulator.ActiveCfg = Release|Any CPU
		{F40029DA-5C7A-4122-9FA5-656E08FC3962}.Release|iPhoneSimulator.Build.0 = Release|Any CPU
		{4EDB08C4-FC4E-4B0B-B546-41F4C252704A}.Ad-Hoc|Any CPU.ActiveCfg = Debug|Any CPU
		{4EDB08C4-FC4E-4B0B-B546-41F4C252704A}.Ad-Hoc|Any CPU.Build.0 = Debug|Any CPU
		{4EDB08C4-FC4E-4B0B-B546-41F4C252704A}.Ad-Hoc|iPhone.ActiveCfg = Debug|Any CPU
		{4EDB08C4-FC4E-4B0B-B546-41F4C252704A}.Ad-Hoc|iPhone.Build.0 = Debug|Any CPU
		{4EDB08C4-FC4E-4B0B-B546-41F4C252704A}.Ad-Hoc|iPhoneSimulator.ActiveCfg = Debug|Any CPU
		{4EDB08C4-FC4E-4B0B-B546-41F4C252704A}.Ad-Hoc|iPhoneSimulator.Build.0 = Debug|Any CPU
		{4EDB08C4-FC4E-4B0B-B546-41F4C252704A}.AppStore|Any CPU.ActiveCfg = Debug|Any CPU
		{4EDB08C4-FC4E-4B0B-B546-41F4C252704A}.AppStore|Any CPU.Build.0 = Debug|Any CPU
		{4EDB08C4-FC4E-4B0B-B546-41F4C252704A}.AppStore|iPhone.ActiveCfg = Debug|Any CPU
		{4EDB08C4-FC4E-4B0B-B546-41F4C252704A}.AppStore|iPhone.Build.0 = Debug|Any CPU
		{4EDB08C4-FC4E-4B0B-B546-41F4C252704A}.AppStore|iPhoneSimulator.ActiveCfg = Debug|Any CPU
		{4EDB08C4-FC4E-4B0B-B546-41F4C252704A}.AppStore|iPhoneSimulator.Build.0 = Debug|Any CPU
		{4EDB08C4-FC4E-4B0B-B546-41F4C252704A}.Debug|Any CPU.ActiveCfg = Debug|Any CPU
		{4EDB08C4-FC4E-4B0B-B546-41F4C252704A}.Debug|Any CPU.Build.0 = Debug|Any CPU
		{4EDB08C4-FC4E-4B0B-B546-41F4C252704A}.Debug|iPhone.ActiveCfg = Debug|Any CPU
		{4EDB08C4-FC4E-4B0B-B546-41F4C252704A}.Debug|iPhone.Build.0 = Debug|Any CPU
		{4EDB08C4-FC4E-4B0B-B546-41F4C252704A}.Debug|iPhoneSimulator.ActiveCfg = Debug|Any CPU
		{4EDB08C4-FC4E-4B0B-B546-41F4C252704A}.Debug|iPhoneSimulator.Build.0 = Debug|Any CPU
		{4EDB08C4-FC4E-4B0B-B546-41F4C252704A}.Release|Any CPU.ActiveCfg = Release|Any CPU
		{4EDB08C4-FC4E-4B0B-B546-41F4C252704A}.Release|Any CPU.Build.0 = Release|Any CPU
		{4EDB08C4-FC4E-4B0B-B546-41F4C252704A}.Release|iPhone.ActiveCfg = Release|Any CPU
		{4EDB08C4-FC4E-4B0B-B546-41F4C252704A}.Release|iPhone.Build.0 = Release|Any CPU
		{4EDB08C4-FC4E-4B0B-B546-41F4C252704A}.Release|iPhoneSimulator.ActiveCfg = Release|Any CPU
		{4EDB08C4-FC4E-4B0B-B546-41F4C252704A}.Release|iPhoneSimulator.Build.0 = Release|Any CPU
	EndGlobalSection
	GlobalSection(SolutionProperties) = preSolution
		HideSolutionNode = FALSE
	EndGlobalSection
	GlobalSection(ExtensibilityGlobals) = postSolution
		SolutionGuid = {BE436A31-9215-4249-90F8-EA4C357D0D67}
	EndGlobalSection
EndGlobal
